
Microsoft Visual Studio Solution File, Format Version 12.00
# Visual Studio 2013
VisualStudioVersion = 12.0.21005.1
MinimumVisualStudioVersion = 10.0.40219.1
Project("{FAE04EC0-301F-11D3-BF4B-00C04F79EFBC}") = "hello world", "hello world\hello world.csproj", "{B423EF4C-4607-4CA2-BCE8-92C08C9E5907}"
EndProject
Project("{FAE04EC0-301F-11D3-BF4B-00C04F79EFBC}") = "isPowerOf", "isPowerOf\isPowerOf.csproj", "{4E707FB0-1927-4F2B-9E78-28AB43E1E174}"
EndProject
Global
	GlobalSection(SolutionConfigurationPlatforms) = preSolution
		Debug|Any CPU = Debug|Any CPU
		Release|Any CPU = Release|Any CPU
	EndGlobalSection
	GlobalSection(ProjectConfigurationPlatforms) = postSolution
		{B423EF4C-4607-4CA2-BCE8-92C08C9E5907}.Debug|Any CPU.ActiveCfg = Debug|Any CPU
		{B423EF4C-4607-4CA2-BCE8-92C08C9E5907}.Debug|Any CPU.Build.0 = Debug|Any CPU
		{B423EF4C-4607-4CA2-BCE8-92C08C9E5907}.Release|Any CPU.ActiveCfg = Release|Any CPU
		{B423EF4C-4607-4CA2-BCE8-92C08C9E5907}.Release|Any CPU.Build.0 = Release|Any CPU
		{4E707FB0-1927-4F2B-9E78-28AB43E1E174}.Debug|Any CPU.ActiveCfg = Debug|Any CPU
		{4E707FB0-1927-4F2B-9E78-28AB43E1E174}.Debug|Any CPU.Build.0 = Debug|Any CPU
		{4E707FB0-1927-4F2B-9E78-28AB43E1E174}.Release|Any CPU.ActiveCfg = Release|Any CPU
		{4E707FB0-1927-4F2B-9E78-28AB43E1E174}.Release|Any CPU.Build.0 = Release|Any CPU
	EndGlobalSection
	GlobalSection(SolutionProperties) = preSolution
		HideSolutionNode = FALSE
	EndGlobalSection
EndGlobal
